// !$*UTF8*$!
{
	archiveVersion = 1;
	classes = {
	};
	objectVersion = 48;
	objects = {

/* Begin PBXBuildFile section */
		4004D5B62081E62B00A4F406 /* TestManager.m in Sources */ = {isa = PBXBuildFile; fileRef = 4004D5B52081E62B00A4F406 /* TestManager.m */; };
		404EC9222073CD13007A739F /* NSArray+ACKit.m in Sources */ = {isa = PBXBuildFile; fileRef = 404EC9212073CD13007A739F /* NSArray+ACKit.m */; };
		4068AB8320654DB0009698DD /* ACGuideManager.m in Sources */ = {isa = PBXBuildFile; fileRef = 4068AB8220654DB0009698DD /* ACGuideManager.m */; };
		4093E6CF2079DC7F00D833FB /* UIButton+ACKit.m in Sources */ = {isa = PBXBuildFile; fileRef = 4093E6CE2079DC7F00D833FB /* UIButton+ACKit.m */; };
		409ACE491FDE6E3500C3B72D /* AppDelegate.m in Sources */ = {isa = PBXBuildFile; fileRef = 409ACE481FDE6E3500C3B72D /* AppDelegate.m */; };
		409ACE4C1FDE6E3500C3B72D /* ViewController.m in Sources */ = {isa = PBXBuildFile; fileRef = 409ACE4B1FDE6E3500C3B72D /* ViewController.m */; };
		409ACE4F1FDE6E3500C3B72D /* Main.storyboard in Resources */ = {isa = PBXBuildFile; fileRef = 409ACE4D1FDE6E3500C3B72D /* Main.storyboard */; };
		409ACE511FDE6E3500C3B72D /* Assets.xcassets in Resources */ = {isa = PBXBuildFile; fileRef = 409ACE501FDE6E3500C3B72D /* Assets.xcassets */; };
		409ACE541FDE6E3500C3B72D /* LaunchScreen.storyboard in Resources */ = {isa = PBXBuildFile; fileRef = 409ACE521FDE6E3500C3B72D /* LaunchScreen.storyboard */; };
		409ACE571FDE6E3500C3B72D /* main.m in Sources */ = {isa = PBXBuildFile; fileRef = 409ACE561FDE6E3500C3B72D /* main.m */; };
		409ACE681FDE75BC00C3B72D /* UIViewController+ACKit.m in Sources */ = {isa = PBXBuildFile; fileRef = 409ACE671FDE75BC00C3B72D /* UIViewController+ACKit.m */; };
		409ACE701FE7AFDB00C3B72D /* UIDevice+ACKit.m in Sources */ = {isa = PBXBuildFile; fileRef = 409ACE6F1FE7AFDB00C3B72D /* UIDevice+ACKit.m */; };
		409ACE741FE7B7A600C3B72D /* NSString+ACKit.m in Sources */ = {isa = PBXBuildFile; fileRef = 409ACE731FE7B7A600C3B72D /* NSString+ACKit.m */; };
		409ACE791FE8B55E00C3B72D /* UIAlertController+ACKit.m in Sources */ = {isa = PBXBuildFile; fileRef = 409ACE781FE8B55E00C3B72D /* UIAlertController+ACKit.m */; };
		40F3F0A41FEA032A00573FAA /* UIView+ACKit.m in Sources */ = {isa = PBXBuildFile; fileRef = 40F3F0A31FEA032A00573FAA /* UIView+ACKit.m */; };
/* End PBXBuildFile section */

/* Begin PBXFileReference section */
		4004D5B42081E62B00A4F406 /* TestManager.h */ = {isa = PBXFileReference; lastKnownFileType = sourcecode.c.h; path = TestManager.h; sourceTree = "<group>"; };
		4004D5B52081E62B00A4F406 /* TestManager.m */ = {isa = PBXFileReference; lastKnownFileType = sourcecode.c.objc; path = TestManager.m; sourceTree = "<group>"; };
		404EC9202073CD13007A739F /* NSArray+ACKit.h */ = {isa = PBXFileReference; lastKnownFileType = sourcecode.c.h; path = "NSArray+ACKit.h"; sourceTree = "<group>"; };
		404EC9212073CD13007A739F /* NSArray+ACKit.m */ = {isa = PBXFileReference; lastKnownFileType = sourcecode.c.objc; path = "NSArray+ACKit.m"; sourceTree = "<group>"; };
		4068AB8120654DB0009698DD /* ACGuideManager.h */ = {isa = PBXFileReference; lastKnownFileType = sourcecode.c.h; path = ACGuideManager.h; sourceTree = "<group>"; };
		4068AB8220654DB0009698DD /* ACGuideManager.m */ = {isa = PBXFileReference; lastKnownFileType = sourcecode.c.objc; path = ACGuideManager.m; sourceTree = "<group>"; };
		4093E6CD2079DC7F00D833FB /* UIButton+ACKit.h */ = {isa = PBXFileReference; lastKnownFileType = sourcecode.c.h; path = "UIButton+ACKit.h"; sourceTree = "<group>"; };
		4093E6CE2079DC7F00D833FB /* UIButton+ACKit.m */ = {isa = PBXFileReference; lastKnownFileType = sourcecode.c.objc; path = "UIButton+ACKit.m"; sourceTree = "<group>"; };
		409ACE441FDE6E3500C3B72D /* ACKit.app */ = {isa = PBXFileReference; explicitFileType = wrapper.application; includeInIndex = 0; path = ACKit.app; sourceTree = BUILT_PRODUCTS_DIR; };
		409ACE471FDE6E3500C3B72D /* AppDelegate.h */ = {isa = PBXFileReference; lastKnownFileType = sourcecode.c.h; path = AppDelegate.h; sourceTree = "<group>"; };
		409ACE481FDE6E3500C3B72D /* AppDelegate.m */ = {isa = PBXFileReference; lastKnownFileType = sourcecode.c.objc; path = AppDelegate.m; sourceTree = "<group>"; };
		409ACE4A1FDE6E3500C3B72D /* ViewController.h */ = {isa = PBXFileReference; lastKnownFileType = sourcecode.c.h; path = ViewController.h; sourceTree = "<group>"; };
		409ACE4B1FDE6E3500C3B72D /* ViewController.m */ = {isa = PBXFileReference; lastKnownFileType = sourcecode.c.objc; path = ViewController.m; sourceTree = "<group>"; };
		409ACE4E1FDE6E3500C3B72D /* Base */ = {isa = PBXFileReference; lastKnownFileType = file.storyboard; name = Base; path = Base.lproj/Main.storyboard; sourceTree = "<group>"; };
		409ACE501FDE6E3500C3B72D /* Assets.xcassets */ = {isa = PBXFileReference; lastKnownFileType = folder.assetcatalog; path = Assets.xcassets; sourceTree = "<group>"; };
		409ACE531FDE6E3500C3B72D /* Base */ = {isa = PBXFileReference; lastKnownFileType = file.storyboard; name = Base; path = Base.lproj/LaunchScreen.storyboard; sourceTree = "<group>"; };
		409ACE551FDE6E3500C3B72D /* Info.plist */ = {isa = PBXFileReference; lastKnownFileType = text.plist.xml; path = Info.plist; sourceTree = "<group>"; };
		409ACE561FDE6E3500C3B72D /* main.m */ = {isa = PBXFileReference; lastKnownFileType = sourcecode.c.objc; path = main.m; sourceTree = "<group>"; };
		409ACE661FDE75BC00C3B72D /* UIViewController+ACKit.h */ = {isa = PBXFileReference; fileEncoding = 4; lastKnownFileType = sourcecode.c.h; path = "UIViewController+ACKit.h"; sourceTree = "<group>"; };
		409ACE671FDE75BC00C3B72D /* UIViewController+ACKit.m */ = {isa = PBXFileReference; fileEncoding = 4; lastKnownFileType = sourcecode.c.objc; path = "UIViewController+ACKit.m"; sourceTree = "<group>"; };
		409ACE6E1FE7AFDB00C3B72D /* UIDevice+ACKit.h */ = {isa = PBXFileReference; lastKnownFileType = sourcecode.c.h; path = "UIDevice+ACKit.h"; sourceTree = "<group>"; };
		409ACE6F1FE7AFDB00C3B72D /* UIDevice+ACKit.m */ = {isa = PBXFileReference; lastKnownFileType = sourcecode.c.objc; path = "UIDevice+ACKit.m"; sourceTree = "<group>"; };
		409ACE721FE7B7A600C3B72D /* NSString+ACKit.h */ = {isa = PBXFileReference; lastKnownFileType = sourcecode.c.h; path = "NSString+ACKit.h"; sourceTree = "<group>"; };
		409ACE731FE7B7A600C3B72D /* NSString+ACKit.m */ = {isa = PBXFileReference; lastKnownFileType = sourcecode.c.objc; path = "NSString+ACKit.m"; sourceTree = "<group>"; };
		409ACE751FE7C84400C3B72D /* ACKit.h */ = {isa = PBXFileReference; lastKnownFileType = sourcecode.c.h; path = ACKit.h; sourceTree = "<group>"; };
		409ACE771FE8B55E00C3B72D /* UIAlertController+ACKit.h */ = {isa = PBXFileReference; lastKnownFileType = sourcecode.c.h; path = "UIAlertController+ACKit.h"; sourceTree = "<group>"; };
		409ACE781FE8B55E00C3B72D /* UIAlertController+ACKit.m */ = {isa = PBXFileReference; lastKnownFileType = sourcecode.c.objc; path = "UIAlertController+ACKit.m"; sourceTree = "<group>"; };
		40F3F0A21FEA032A00573FAA /* UIView+ACKit.h */ = {isa = PBXFileReference; lastKnownFileType = sourcecode.c.h; path = "UIView+ACKit.h"; sourceTree = "<group>"; };
		40F3F0A31FEA032A00573FAA /* UIView+ACKit.m */ = {isa = PBXFileReference; lastKnownFileType = sourcecode.c.objc; path = "UIView+ACKit.m"; sourceTree = "<group>"; };
/* End PBXFileReference section */

/* Begin PBXFrameworksBuildPhase section */
		409ACE411FDE6E3500C3B72D /* Frameworks */ = {
			isa = PBXFrameworksBuildPhase;
			buildActionMask = 2147483647;
			files = (
			);
			runOnlyForDeploymentPostprocessing = 0;
		};
/* End PBXFrameworksBuildPhase section */

/* Begin PBXGroup section */
		404EC91F2073CCF2007A739F /* NSArray */ = {
			isa = PBXGroup;
			children = (
				404EC9202073CD13007A739F /* NSArray+ACKit.h */,
				404EC9212073CD13007A739F /* NSArray+ACKit.m */,
			);
			path = NSArray;
			sourceTree = "<group>";
		};
		4068AB8020654D8C009698DD /* Tools */ = {
			isa = PBXGroup;
			children = (
				4068AB8420654DB8009698DD /* GuideManager */,
			);
			name = Tools;
			path = "New Group";
			sourceTree = "<group>";
		};
		4068AB8420654DB8009698DD /* GuideManager */ = {
			isa = PBXGroup;
			children = (
				4068AB8120654DB0009698DD /* ACGuideManager.h */,
				4068AB8220654DB0009698DD /* ACGuideManager.m */,
			);
			path = GuideManager;
			sourceTree = "<group>";
		};
		4093E6CC2079DC5500D833FB /* UIButton */ = {
			isa = PBXGroup;
			children = (
				4093E6CD2079DC7F00D833FB /* UIButton+ACKit.h */,
				4093E6CE2079DC7F00D833FB /* UIButton+ACKit.m */,
			);
			path = UIButton;
			sourceTree = "<group>";
		};
		409ACE3B1FDE6E3500C3B72D = {
			isa = PBXGroup;
			children = (
				409ACE461FDE6E3500C3B72D /* ACKit */,
				409ACE451FDE6E3500C3B72D /* Products */,
			);
			sourceTree = "<group>";
		};
		409ACE451FDE6E3500C3B72D /* Products */ = {
			isa = PBXGroup;
			children = (
				409ACE441FDE6E3500C3B72D /* ACKit.app */,
			);
			name = Products;
			sourceTree = "<group>";
		};
		409ACE461FDE6E3500C3B72D /* ACKit */ = {
			isa = PBXGroup;
			children = (
				409ACE471FDE6E3500C3B72D /* AppDelegate.h */,
				409ACE481FDE6E3500C3B72D /* AppDelegate.m */,
				409ACE4A1FDE6E3500C3B72D /* ViewController.h */,
				409ACE4B1FDE6E3500C3B72D /* ViewController.m */,
				4004D5B42081E62B00A4F406 /* TestManager.h */,
				4004D5B52081E62B00A4F406 /* TestManager.m */,
				409ACE751FE7C84400C3B72D /* ACKit.h */,
				4068AB8020654D8C009698DD /* Tools */,
				409ACE5D1FDE74D600C3B72D /* Categories */,
				409ACE4D1FDE6E3500C3B72D /* Main.storyboard */,
				409ACE501FDE6E3500C3B72D /* Assets.xcassets */,
				409ACE521FDE6E3500C3B72D /* LaunchScreen.storyboard */,
				409ACE551FDE6E3500C3B72D /* Info.plist */,
				409ACE561FDE6E3500C3B72D /* main.m */,
			);
			path = ACKit;
			sourceTree = "<group>";
		};
		409ACE5D1FDE74D600C3B72D /* Categories */ = {
			isa = PBXGroup;
			children = (
				4093E6CC2079DC5500D833FB /* UIButton */,
				404EC91F2073CCF2007A739F /* NSArray */,
				40F3F0A11FEA030F00573FAA /* UIView */,
				409ACE761FE8B53D00C3B72D /* UIAlertController */,
				409ACE711FE7B77D00C3B72D /* NSString */,
				409ACE6D1FE7AFA600C3B72D /* UIDevice */,
				409ACE621FDE75AD00C3B72D /* UIViewController */,
			);
			path = Categories;
			sourceTree = "<group>";
		};
		409ACE621FDE75AD00C3B72D /* UIViewController */ = {
			isa = PBXGroup;
			children = (
				409ACE661FDE75BC00C3B72D /* UIViewController+ACKit.h */,
				409ACE671FDE75BC00C3B72D /* UIViewController+ACKit.m */,
			);
			path = UIViewController;
			sourceTree = "<group>";
		};
		409ACE6D1FE7AFA600C3B72D /* UIDevice */ = {
			isa = PBXGroup;
			children = (
				409ACE6E1FE7AFDB00C3B72D /* UIDevice+ACKit.h */,
				409ACE6F1FE7AFDB00C3B72D /* UIDevice+ACKit.m */,
			);
			path = UIDevice;
			sourceTree = "<group>";
		};
		409ACE711FE7B77D00C3B72D /* NSString */ = {
			isa = PBXGroup;
			children = (
				409ACE721FE7B7A600C3B72D /* NSString+ACKit.h */,
				409ACE731FE7B7A600C3B72D /* NSString+ACKit.m */,
			);
			path = NSString;
			sourceTree = "<group>";
		};
		409ACE761FE8B53D00C3B72D /* UIAlertController */ = {
			isa = PBXGroup;
			children = (
				409ACE771FE8B55E00C3B72D /* UIAlertController+ACKit.h */,
				409ACE781FE8B55E00C3B72D /* UIAlertController+ACKit.m */,
			);
			path = UIAlertController;
			sourceTree = "<group>";
		};
		40F3F0A11FEA030F00573FAA /* UIView */ = {
			isa = PBXGroup;
			children = (
				40F3F0A21FEA032A00573FAA /* UIView+ACKit.h */,
				40F3F0A31FEA032A00573FAA /* UIView+ACKit.m */,
			);
			path = UIView;
			sourceTree = "<group>";
		};
/* End PBXGroup section */

/* Begin PBXNativeTarget section */
		409ACE431FDE6E3500C3B72D /* ACKit */ = {
			isa = PBXNativeTarget;
			buildConfigurationList = 409ACE5A1FDE6E3500C3B72D /* Build configuration list for PBXNativeTarget "ACKit" */;
			buildPhases = (
				409ACE401FDE6E3500C3B72D /* Sources */,
				409ACE411FDE6E3500C3B72D /* Frameworks */,
				409ACE421FDE6E3500C3B72D /* Resources */,
			);
			buildRules = (
			);
			dependencies = (
			);
			name = ACKit;
			productName = ACKit;
			productReference = 409ACE441FDE6E3500C3B72D /* ACKit.app */;
			productType = "com.apple.product-type.application";
		};
/* End PBXNativeTarget section */

/* Begin PBXProject section */
		409ACE3C1FDE6E3500C3B72D /* Project object */ = {
			isa = PBXProject;
			attributes = {
				LastUpgradeCheck = 0920;
				ORGANIZATIONNAME = ADDICE;
				TargetAttributes = {
					409ACE431FDE6E3500C3B72D = {
						CreatedOnToolsVersion = 9.2;
						ProvisioningStyle = Automatic;
					};
				};
			};
			buildConfigurationList = 409ACE3F1FDE6E3500C3B72D /* Build configuration list for PBXProject "ACKit" */;
			compatibilityVersion = "Xcode 8.0";
			developmentRegion = en;
			hasScannedForEncodings = 0;
			knownRegions = (
				en,
				Base,
			);
			mainGroup = 409ACE3B1FDE6E3500C3B72D;
			productRefGroup = 409ACE451FDE6E3500C3B72D /* Products */;
			projectDirPath = "";
			projectRoot = "";
			targets = (
				409ACE431FDE6E3500C3B72D /* ACKit */,
			);
		};
/* End PBXProject section */

/* Begin PBXResourcesBuildPhase section */
		409ACE421FDE6E3500C3B72D /* Resources */ = {
			isa = PBXResourcesBuildPhase;
			buildActionMask = 2147483647;
			files = (
				409ACE541FDE6E3500C3B72D /* LaunchScreen.storyboard in Resources */,
				409ACE511FDE6E3500C3B72D /* Assets.xcassets in Resources */,
				409ACE4F1FDE6E3500C3B72D /* Main.storyboard in Resources */,
			);
			runOnlyForDeploymentPostprocessing = 0;
		};
/* End PBXResourcesBuildPhase section */

/* Begin PBXSourcesBuildPhase section */
		409ACE401FDE6E3500C3B72D /* Sources */ = {
			isa = PBXSourcesBuildPhase;
			buildActionMask = 2147483647;
			files = (
				4004D5B62081E62B00A4F406 /* TestManager.m in Sources */,
				4093E6CF2079DC7F00D833FB /* UIButton+ACKit.m in Sources */,
				4068AB8320654DB0009698DD /* ACGuideManager.m in Sources */,
				409ACE4C1FDE6E3500C3B72D /* ViewController.m in Sources */,
				40F3F0A41FEA032A00573FAA /* UIView+ACKit.m in Sources */,
				409ACE791FE8B55E00C3B72D /* UIAlertController+ACKit.m in Sources */,
				409ACE741FE7B7A600C3B72D /* NSString+ACKit.m in Sources */,
				409ACE701FE7AFDB00C3B72D /* UIDevice+ACKit.m in Sources */,
				409ACE571FDE6E3500C3B72D /* main.m in Sources */,
				404EC9222073CD13007A739F /* NSArray+ACKit.m in Sources */,
				409ACE491FDE6E3500C3B72D /* AppDelegate.m in Sources */,
				409ACE681FDE75BC00C3B72D /* UIViewController+ACKit.m in Sources */,
			);
			runOnlyForDeploymentPostprocessing = 0;
		};
/* End PBXSourcesBuildPhase section */

/* Begin PBXVariantGroup section */
		409ACE4D1FDE6E3500C3B72D /* Main.storyboard */ = {
			isa = PBXVariantGroup;
			children = (
				409ACE4E1FDE6E3500C3B72D /* Base */,
			);
			name = Main.storyboard;
			sourceTree = "<group>";
		};
		409ACE521FDE6E3500C3B72D /* LaunchScreen.storyboard */ = {
			isa = PBXVariantGroup;
			children = (
				409ACE531FDE6E3500C3B72D /* Base */,
			);
			name = LaunchScreen.storyboard;
			sourceTree = "<group>";
		};
/* End PBXVariantGroup section */

/* Begin XCBuildConfiguration section */
		409ACE581FDE6E3500C3B72D /* Debug */ = {
			isa = XCBuildConfiguration;
			buildSettings = {
				ALWAYS_SEARCH_USER_PATHS = NO;
				CLANG_ANALYZER_NONNULL = YES;
				CLANG_ANALYZER_NUMBER_OBJECT_CONVERSION = YES_AGGRESSIVE;
				CLANG_CXX_LANGUAGE_STANDARD = "gnu++14";
				CLANG_CXX_LIBRARY = "libc++";
				CLANG_ENABLE_MODULES = YES;
				CLANG_ENABLE_OBJC_ARC = YES;
				CLANG_WARN_BLOCK_CAPTURE_AUTORELEASING = YES;
				CLANG_WARN_BOOL_CONVERSION = YES;
				CLANG_WARN_COMMA = YES;
				CLANG_WARN_CONSTANT_CONVERSION = YES;
				CLANG_WARN_DIRECT_OBJC_ISA_USAGE = YES_ERROR;
				CLANG_WARN_DOCUMENTATION_COMMENTS = YES;
				CLANG_WARN_EMPTY_BODY = YES;
				CLANG_WARN_ENUM_CONVERSION = YES;
				CLANG_WARN_INFINITE_RECURSION = YES;
				CLANG_WARN_INT_CONVERSION = YES;
				CLANG_WARN_NON_LITERAL_NULL_CONVERSION = YES;
				CLANG_WARN_OBJC_LITERAL_CONVERSION = YES;
				CLANG_WARN_OBJC_ROOT_CLASS = YES_ERROR;
				CLANG_WARN_RANGE_LOOP_ANALYSIS = YES;
				CLANG_WARN_STRICT_PROTOTYPES = YES;
				CLANG_WARN_SUSPICIOUS_MOVE = YES;
				CLANG_WARN_UNGUARDED_AVAILABILITY = YES_AGGRESSIVE;
				CLANG_WARN_UNREACHABLE_CODE = YES;
				CLANG_WARN__DUPLICATE_METHOD_MATCH = YES;
				CODE_SIGN_IDENTITY = "iPhone Developer";
				COPY_PHASE_STRIP = NO;
				DEBUG_INFORMATION_FORMAT = dwarf;
				ENABLE_STRICT_OBJC_MSGSEND = YES;
				ENABLE_TESTABILITY = YES;
				GCC_C_LANGUAGE_STANDARD = gnu11;
				GCC_DYNAMIC_NO_PIC = NO;
				GCC_NO_COMMON_BLOCKS = YES;
				GCC_OPTIMIZATION_LEVEL = 0;
				GCC_PREPROCESSOR_DEFINITIONS = (
					"DEBUG=1",
					"$(inherited)",
				);
				GCC_WARN_64_TO_32_BIT_CONVERSION = YES;
				GCC_WARN_ABOUT_RETURN_TYPE = YES_ERROR;
				GCC_WARN_UNDECLARED_SELECTOR = YES;
				GCC_WARN_UNINITIALIZED_AUTOS = YES_AGGRESSIVE;
				GCC_WARN_UNUSED_FUNCTION = YES;
				GCC_WARN_UNUSED_VARIABLE = YES;
				IPHONEOS_DEPLOYMENT_TARGET = 8.0;
				MTL_ENABLE_DEBUG_INFO = YES;
				ONLY_ACTIVE_ARCH = YES;
				SDKROOT = iphoneos;
			};
			name = Debug;
		};
		409ACE591FDE6E3500C3B72D /* Release */ = {
			isa = XCBuildConfiguration;
			buildSettings = {
				ALWAYS_SEARCH_USER_PATHS = NO;
				CLANG_ANALYZER_NONNULL = YES;
				CLANG_ANALYZER_NUMBER_OBJECT_CONVERSION = YES_AGGRESSIVE;
				CLANG_CXX_LANGUAGE_STANDARD = "gnu++14";
				CLANG_CXX_LIBRARY = "libc++";
				CLANG_ENABLE_MODULES = YES;
				CLANG_ENABLE_OBJC_ARC = YES;
				CLANG_WARN_BLOCK_CAPTURE_AUTORELEASING = YES;
				CLANG_WARN_BOOL_CONVERSION = YES;
				CLANG_WARN_COMMA = YES;
				CLANG_WARN_CONSTANT_CONVERSION = YES;
				CLANG_WARN_DIRECT_OBJC_ISA_USAGE = YES_ERROR;
				CLANG_WARN_DOCUMENTATION_COMMENTS = YES;
				CLANG_WARN_EMPTY_BODY = YES;
				CLANG_WARN_ENUM_CONVERSION = YES;
				CLANG_WARN_INFINITE_RECURSION = YES;
				CLANG_WARN_INT_CONVERSION = YES;
				CLANG_WARN_NON_LITERAL_NULL_CONVERSION = YES;
				CLANG_WARN_OBJC_LITERAL_CONVERSION = YES;
				CLANG_WARN_OBJC_ROOT_CLASS = YES_ERROR;
				CLANG_WARN_RANGE_LOOP_ANALYSIS = YES;
				CLANG_WARN_STRICT_PROTOTYPES = YES;
				CLANG_WARN_SUSPICIOUS_MOVE = YES;
				CLANG_WARN_UNGUARDED_AVAILABILITY = YES_AGGRESSIVE;
				CLANG_WARN_UNREACHABLE_CODE = YES;
				CLANG_WARN__DUPLICATE_METHOD_MATCH = YES;
				CODE_SIGN_IDENTITY = "iPhone Developer";
				COPY_PHASE_STRIP = NO;
				DEBUG_INFORMATION_FORMAT = "dwarf-with-dsym";
				ENABLE_NS_ASSERTIONS = NO;
				ENABLE_STRICT_OBJC_MSGSEND = YES;
				GCC_C_LANGUAGE_STANDARD = gnu11;
				GCC_NO_COMMON_BLOCKS = YES;
				GCC_WARN_64_TO_32_BIT_CONVERSION = YES;
				GCC_WARN_ABOUT_RETURN_TYPE = YES_ERROR;
				GCC_WARN_UNDECLARED_SELECTOR = YES;
				GCC_WARN_UNINITIALIZED_AUTOS = YES_AGGRESSIVE;
				GCC_WARN_UNUSED_FUNCTION = YES;
				GCC_WARN_UNUSED_VARIABLE = YES;
				IPHONEOS_DEPLOYMENT_TARGET = 8.0;
				MTL_ENABLE_DEBUG_INFO = NO;
				SDKROOT = iphoneos;
				VALIDATE_PRODUCT = YES;
			};
			name = Release;
		};
		409ACE5B1FDE6E3500C3B72D /* Debug */ = {
			isa = XCBuildConfiguration;
			buildSettings = {
				ASSETCATALOG_COMPILER_APPICON_NAME = AppIcon;
				CODE_SIGN_STYLE = Automatic;
				DEVELOPMENT_TEAM = DDKKZQJTZ8;
				INFOPLIST_FILE = ACKit/Info.plist;
				LD_RUNPATH_SEARCH_PATHS = "$(inherited) @executable_path/Frameworks";
				PRODUCT_BUNDLE_IDENTIFIER = ADDICE.ACKit;
				PRODUCT_NAME = "$(TARGET_NAME)";
				TARGETED_DEVICE_FAMILY = "1,2";
			};
			name = Debug;
		};
		409ACE5C1FDE6E3500C3B72D /* Release */ = {
			isa = XCBuildConfiguration;
			buildSettings = {
				ASSETCATALOG_COMPILER_APPICON_NAME = AppIcon;
				CODE_SIGN_STYLE = Automatic;
				DEVELOPMENT_TEAM = DDKKZQJTZ8;
				INFOPLIST_FILE = ACKit/Info.plist;
				LD_RUNPATH_SEARCH_PATHS = "$(inherited) @executable_path/Frameworks";
				PRODUCT_BUNDLE_IDENTIFIER = ADDICE.ACKit;
				PRODUCT_NAME = "$(TARGET_NAME)";
				TARGETED_DEVICE_FAMILY = "1,2";
			};
			name = Release;
		};
/* End XCBuildConfiguration section */

/* Begin XCConfigurationList section */
		409ACE3F1FDE6E3500C3B72D /* Build configuration list for PBXProject "ACKit" */ = {
			isa = XCConfigurationList;
			buildConfigurations = (
				409ACE581FDE6E3500C3B72D /* Debug */,
				409ACE591FDE6E3500C3B72D /* Release */,
			);
			defaultConfigurationIsVisible = 0;
			defaultConfigurationName = Release;
		};
		409ACE5A1FDE6E3500C3B72D /* Build configuration list for PBXNativeTarget "ACKit" */ = {
			isa = XCConfigurationList;
			buildConfigurations = (
				409ACE5B1FDE6E3500C3B72D /* Debug */,
				409ACE5C1FDE6E3500C3B72D /* Release */,
			);
			defaultConfigurationIsVisible = 0;
			defaultConfigurationName = Release;
		};
/* End XCConfigurationList section */
	};
	rootObject = 409ACE3C1FDE6E3500C3B72D /* Project object */;
}
